
Microsoft Visual Studio Solution File, Format Version 12.00
# Visual Studio 15
VisualStudioVersion = 15.0.27703.2047
MinimumVisualStudioVersion = 10.0.40219.1
Project("{FAE04EC0-301F-11D3-BF4B-00C04F79EFBC}") = "BuildArchitecture", "BuildArchitecture\BuildArchitecture.csproj", "{51A60D75-2A0E-43D0-AA64-AD3137511118}"
EndProject
Project("{FAE04EC0-301F-11D3-BF4B-00C04F79EFBC}") = "antlr4ShowTree", "antlr4ShowTree\antlr4ShowTree.csproj", "{AC5E89FB-A82D-4CBF-9D6D-BA760EAB9785}"
EndProject
Project("{FAE04EC0-301F-11D3-BF4B-00C04F79EFBC}") = "CSharpChecker", "CSharpChecker\CSharpChecker.csproj", "{DAF43375-8464-471A-AAB3-67B3C55D5B74}"
EndProject
Global
	GlobalSection(SolutionConfigurationPlatforms) = preSolution
		Debug|Any CPU = Debug|Any CPU
		Release|Any CPU = Release|Any CPU
		Tetst|Any CPU = Tetst|Any CPU
	EndGlobalSection
	GlobalSection(ProjectConfigurationPlatforms) = postSolution
		{51A60D75-2A0E-43D0-AA64-AD3137511118}.Debug|Any CPU.ActiveCfg = Debug|Any CPU
		{51A60D75-2A0E-43D0-AA64-AD3137511118}.Debug|Any CPU.Build.0 = Debug|Any CPU
		{51A60D75-2A0E-43D0-AA64-AD3137511118}.Release|Any CPU.ActiveCfg = Release|Any CPU
		{51A60D75-2A0E-43D0-AA64-AD3137511118}.Release|Any CPU.Build.0 = Release|Any CPU
		{51A60D75-2A0E-43D0-AA64-AD3137511118}.Tetst|Any CPU.ActiveCfg = Tetst|Any CPU
		{51A60D75-2A0E-43D0-AA64-AD3137511118}.Tetst|Any CPU.Build.0 = Tetst|Any CPU
		{AC5E89FB-A82D-4CBF-9D6D-BA760EAB9785}.Debug|Any CPU.ActiveCfg = Debug|Any CPU
		{AC5E89FB-A82D-4CBF-9D6D-BA760EAB9785}.Debug|Any CPU.Build.0 = Debug|Any CPU
		{AC5E89FB-A82D-4CBF-9D6D-BA760EAB9785}.Release|Any CPU.ActiveCfg = Release|Any CPU
		{AC5E89FB-A82D-4CBF-9D6D-BA760EAB9785}.Release|Any CPU.Build.0 = Release|Any CPU
		{AC5E89FB-A82D-4CBF-9D6D-BA760EAB9785}.Tetst|Any CPU.ActiveCfg = Tetst|Any CPU
		{AC5E89FB-A82D-4CBF-9D6D-BA760EAB9785}.Tetst|Any CPU.Build.0 = Tetst|Any CPU
		{DAF43375-8464-471A-AAB3-67B3C55D5B74}.Debug|Any CPU.ActiveCfg = Debug|Any CPU
		{DAF43375-8464-471A-AAB3-67B3C55D5B74}.Debug|Any CPU.Build.0 = Debug|Any CPU
		{DAF43375-8464-471A-AAB3-67B3C55D5B74}.Release|Any CPU.ActiveCfg = Release|Any CPU
		{DAF43375-8464-471A-AAB3-67B3C55D5B74}.Release|Any CPU.Build.0 = Release|Any CPU
		{DAF43375-8464-471A-AAB3-67B3C55D5B74}.Tetst|Any CPU.ActiveCfg = Release|Any CPU
		{DAF43375-8464-471A-AAB3-67B3C55D5B74}.Tetst|Any CPU.Build.0 = Release|Any CPU
	EndGlobalSection
	GlobalSection(SolutionProperties) = preSolution
		HideSolutionNode = FALSE
	EndGlobalSection
	GlobalSection(ExtensibilityGlobals) = postSolution
		SolutionGuid = {51530232-3E31-42FE-9451-5D793BAF447F}
	EndGlobalSection
EndGlobal
